
Microsoft Visual Studio Solution File, Format Version 12.00
# Visual Studio 14
VisualStudioVersion = 14.0.25420.1
MinimumVisualStudioVersion = 10.0.40219.1
Project("{FAE04EC0-301F-11D3-BF4B-00C04F79EFBC}") = "CraftSynth.BuildingBlocks", "CraftSynth.BuildingBlocks\CraftSynth.BuildingBlocks.csproj", "{3DA5ED2C-E02E-41CD-8F0A-D097AB969EC3}"
EndProject
Project("{FAE04EC0-301F-11D3-BF4B-00C04F79EFBC}") = "CraftSynth.BuildingBlocks.Regenerator.LinkFullVersion", "CraftSynth.BuildingBlocks.Regenerator.LinkFullVersion\CraftSynth.BuildingBlocks.Regenerator.LinkFullVersion.csproj", "{D30608F1-23BE-4A22-A09D-0F065271C058}"
EndProject
Project("{FAE04EC0-301F-11D3-BF4B-00C04F79EFBC}") = "CraftSynth.BuildingBlocks.Regenerator.BuildMinimalVersion", "CraftSynth.BuildingBlocks.Regenerator.BuildMinimalVersion\CraftSynth.BuildingBlocks.Regenerator.BuildMinimalVersion.csproj", "{363FFD92-7B00-46A1-8FD2-2BF42917DED7}"
EndProject
Project("{FAE04EC0-301F-11D3-BF4B-00C04F79EFBC}") = "CraftSynth.BuildingBlocks.Generated", "CraftSynth.BuildingBlocks.Generated\CraftSynth.BuildingBlocks.Generated.csproj", "{E5ED9146-E478-4204-B5AA-AF9BFA8EF153}"
EndProject
Global
	GlobalSection(SolutionConfigurationPlatforms) = preSolution
		CraftSynth_Debug_With_Full_Building_Blocks|Any CPU = CraftSynth_Debug_With_Full_Building_Blocks|Any CPU
		Debug|Any CPU = Debug|Any CPU
		Release|Any CPU = Release|Any CPU
	EndGlobalSection
	GlobalSection(ProjectConfigurationPlatforms) = postSolution
		{3DA5ED2C-E02E-41CD-8F0A-D097AB969EC3}.CraftSynth_Debug_With_Full_Building_Blocks|Any CPU.ActiveCfg = Debug|Any CPU
		{3DA5ED2C-E02E-41CD-8F0A-D097AB969EC3}.CraftSynth_Debug_With_Full_Building_Blocks|Any CPU.Build.0 = Debug|Any CPU
		{3DA5ED2C-E02E-41CD-8F0A-D097AB969EC3}.Debug|Any CPU.ActiveCfg = Debug|Any CPU
		{3DA5ED2C-E02E-41CD-8F0A-D097AB969EC3}.Debug|Any CPU.Build.0 = Debug|Any CPU
		{3DA5ED2C-E02E-41CD-8F0A-D097AB969EC3}.Release|Any CPU.ActiveCfg = Release|Any CPU
		{3DA5ED2C-E02E-41CD-8F0A-D097AB969EC3}.Release|Any CPU.Build.0 = Release|Any CPU
		{D30608F1-23BE-4A22-A09D-0F065271C058}.CraftSynth_Debug_With_Full_Building_Blocks|Any CPU.ActiveCfg = Debug|Any CPU
		{D30608F1-23BE-4A22-A09D-0F065271C058}.CraftSynth_Debug_With_Full_Building_Blocks|Any CPU.Build.0 = Debug|Any CPU
		{D30608F1-23BE-4A22-A09D-0F065271C058}.Debug|Any CPU.ActiveCfg = Debug|Any CPU
		{D30608F1-23BE-4A22-A09D-0F065271C058}.Debug|Any CPU.Build.0 = Debug|Any CPU
		{D30608F1-23BE-4A22-A09D-0F065271C058}.Release|Any CPU.ActiveCfg = Release|Any CPU
		{D30608F1-23BE-4A22-A09D-0F065271C058}.Release|Any CPU.Build.0 = Release|Any CPU
		{363FFD92-7B00-46A1-8FD2-2BF42917DED7}.CraftSynth_Debug_With_Full_Building_Blocks|Any CPU.ActiveCfg = Debug|Any CPU
		{363FFD92-7B00-46A1-8FD2-2BF42917DED7}.CraftSynth_Debug_With_Full_Building_Blocks|Any CPU.Build.0 = Debug|Any CPU
		{363FFD92-7B00-46A1-8FD2-2BF42917DED7}.Debug|Any CPU.ActiveCfg = Debug|Any CPU
		{363FFD92-7B00-46A1-8FD2-2BF42917DED7}.Debug|Any CPU.Build.0 = Debug|Any CPU
		{363FFD92-7B00-46A1-8FD2-2BF42917DED7}.Release|Any CPU.ActiveCfg = Release|Any CPU
		{363FFD92-7B00-46A1-8FD2-2BF42917DED7}.Release|Any CPU.Build.0 = Release|Any CPU
		{E5ED9146-E478-4204-B5AA-AF9BFA8EF153}.CraftSynth_Debug_With_Full_Building_Blocks|Any CPU.ActiveCfg = CraftSynth_Debug_With_Full_Building_Blocks|Any CPU
		{E5ED9146-E478-4204-B5AA-AF9BFA8EF153}.CraftSynth_Debug_With_Full_Building_Blocks|Any CPU.Build.0 = CraftSynth_Debug_With_Full_Building_Blocks|Any CPU
		{E5ED9146-E478-4204-B5AA-AF9BFA8EF153}.Debug|Any CPU.ActiveCfg = Debug|Any CPU
		{E5ED9146-E478-4204-B5AA-AF9BFA8EF153}.Debug|Any CPU.Build.0 = Debug|Any CPU
		{E5ED9146-E478-4204-B5AA-AF9BFA8EF153}.Release|Any CPU.ActiveCfg = Release|Any CPU
		{E5ED9146-E478-4204-B5AA-AF9BFA8EF153}.Release|Any CPU.Build.0 = Release|Any CPU
	EndGlobalSection
	GlobalSection(SolutionProperties) = preSolution
		HideSolutionNode = FALSE
	EndGlobalSection
EndGlobal
